
Microsoft Visual Studio Solution File, Format Version 12.00
# Visual Studio Version 16
VisualStudioVersion = 16.0.34902.97
MinimumVisualStudioVersion = 10.0.40219.1
Project("{FAE04EC0-301F-11D3-BF4B-00C04F79EFBC}") = "Employee_Management_System", "Employee_Management_System.csproj", "{DCD5EC00-8B32-4716-866D-3F6270AEF6E6}"
EndProject
Global
	GlobalSection(SolutionConfigurationPlatforms) = preSolution
		Debug|Any CPU = Debug|Any CPU
		Release|Any CPU = Release|Any CPU
	EndGlobalSection
	GlobalSection(ProjectConfigurationPlatforms) = postSolution
		{DCD5EC00-8B32-4716-866D-3F6270AEF6E6}.Debug|Any CPU.ActiveCfg = Debug|Any CPU
		{DCD5EC00-8B32-4716-866D-3F6270AEF6E6}.Debug|Any CPU.Build.0 = Debug|Any CPU
		{DCD5EC00-8B32-4716-866D-3F6270AEF6E6}.Release|Any CPU.ActiveCfg = Release|Any CPU
		{DCD5EC00-8B32-4716-866D-3F6270AEF6E6}.Release|Any CPU.Build.0 = Release|Any CPU
	EndGlobalSection
	GlobalSection(SolutionProperties) = preSolution
		HideSolutionNode = FALSE
	EndGlobalSection
	GlobalSection(ExtensibilityGlobals) = postSolution
		SolutionGuid = {DA19C224-A4C6-4B7B-B0B7-153F3E666F43}
	EndGlobalSection
EndGlobal
